lockfileVersion: '9.0'

settings:
  autoInstallPeers: true
  excludeLinksFromLockfile: false

importers:

  .:
    dependencies:
      '@meshsdk/common':
        specifier: ^1.9.0-beta-40
        version: 1.9.0-beta-40
      '@meshsdk/core-csl':
        specifier: ^1.9.0-beta-40
        version: 1.9.0-beta-40
      '@meshsdk/core-cst':
        specifier: ^1.9.0-beta-40
        version: 1.9.0-beta-40(@harmoniclabs/bytestring@1.0.0)(@harmoniclabs/crypto@0.2.4)(rxjs@7.8.2)
      '@utxorpc/sdk':
        specifier: ^0.6.1
        version: 0.6.7(@bufbuild/protobuf@1.10.1)
      '@utxorpc/spec':
        specifier: ^0.10.1
        version: 0.10.1
    devDependencies:
      typescript:
        specifier: ^5.6.2
        version: 5.8.3

packages:

  '@biglup/is-cid@1.0.3':
    resolution: {integrity: sha512-R0XPZ/IQhU2TtetSFI9vI+7kJOJYNiCncn5ixEBW+/LNaZCo2HK37Mq3pRNzrM4FryuAkyeqY7Ujmj3I3e3t9g==}
    engines: {node: '>=16.0.0', npm: '>=7.0.0'}

  '@bufbuild/protobuf@1.10.1':
    resolution: {integrity: sha512-wJ8ReQbHxsAfXhrf9ixl0aYbZorRuOWpBNzm8pL8ftmSxQx/wnJD5Eg861NwJU/czy2VXFIebCeZnZrI9rktIQ==}

  '@cardano-ogmios/client@6.9.0':
    resolution: {integrity: sha512-IsoUVsaMXiYyhWrdVKYOA5PDlX0EZ2gaq4lfk4JelRw6mcWVxemUrMaU2ndvugO9LQ3SCM1nESPgMIU0xe5FWw==}
    engines: {node: '>=14'}

  '@cardano-ogmios/schema@6.9.0':
    resolution: {integrity: sha512-e7QVLF+dQMIv9p+p5CWQjMfBmkERYRa2wK2AjyehQZCJnecZ0gvTbRqewdX5VW4mVXf6KUfFyphsxWK46Pg6LA==}
    engines: {node: '>=14'}

  '@cardano-sdk/core@0.43.0':
    resolution: {integrity: sha512-hPnZXjObJub0eXV2dDAG2/gEg/vw092RZ1VGMZfBSqavz18Tg/K6jGQ3cOpWZ9d+MqFzZTCB+s5ctdRkYt3idA==}
    engines: {node: '>=16.20.2'}
    peerDependencies:
      rxjs: ^7.4.0
    peerDependenciesMeta:
      rxjs:
        optional: true

  '@cardano-sdk/core@0.45.8':
    resolution: {integrity: sha512-Yh0vSzqwtzpXcwhZ7194rB09JnHO23RLIZHWXxRWY6iHeSHg5HzGLr05KllrNGfkHC0AUbKCoyCoYfMDKaDFpg==}
    engines: {node: '>=16.20.2'}
    peerDependencies:
      rxjs: ^7.4.0
    peerDependenciesMeta:
      rxjs:
        optional: true

  '@cardano-sdk/crypto@0.1.32':
    resolution: {integrity: sha512-RCKFvkzD32QpKQ0jULADVRNmfBNkCwiZl2nlFbkZ3aCrfIex+6/2CizoagJ161fA7lL5/HGuzWfjOg3GX2ax6w==}
    engines: {node: '>=16.20.2'}
    peerDependencies:
      '@dcspark/cardano-multiplatform-lib-asmjs': ^3.1.1
      '@dcspark/cardano-multiplatform-lib-browser': ^3.1.1
      '@dcspark/cardano-multiplatform-lib-nodejs': ^3.1.1
    peerDependenciesMeta:
      '@dcspark/cardano-multiplatform-lib-asmjs':
        optional: true
      '@dcspark/cardano-multiplatform-lib-browser':
        optional: true
      '@dcspark/cardano-multiplatform-lib-nodejs':
        optional: true

  '@cardano-sdk/crypto@0.2.3':
    resolution: {integrity: sha512-jTl8rbocV1XO5DBR6+lGY6Owc/bP+wBg5eO3PttTeKhx/J7o99pyuTa5H36a/XTJwqDwKIXV922QxZR+rfjVbA==}
    engines: {node: '>=16.20.2'}
    peerDependencies:
      '@dcspark/cardano-multiplatform-lib-asmjs': ^3.1.1
      '@dcspark/cardano-multiplatform-lib-browser': ^3.1.1
      '@dcspark/cardano-multiplatform-lib-nodejs': ^3.1.1
    peerDependenciesMeta:
      '@dcspark/cardano-multiplatform-lib-asmjs':
        optional: true
      '@dcspark/cardano-multiplatform-lib-browser':
        optional: true
      '@dcspark/cardano-multiplatform-lib-nodejs':
        optional: true

  '@cardano-sdk/dapp-connector@0.13.11':
    resolution: {integrity: sha512-z9K3dqftqsyoNHzHw9nqRVf9noZe4Rf7ZJDSsEaoGldHeI+pgMeKTDkZ1796Lb+0thubMJq3lpUS4vQiqDOCpA==}
    engines: {node: '>=16.20.2'}

  '@cardano-sdk/input-selection@0.13.34':
    resolution: {integrity: sha512-/AidYTF9WesLoMc4PHoETxXgrfYEq8GECcikjvLwx1mygmKpok4Lp41Aio7sBasUCLvZ82/yTd3uXIAvec1aCA==}
    engines: {node: '>=16.20.2'}

  '@cardano-sdk/key-management@0.25.1':
    resolution: {integrity: sha512-D99XTIplI2aQnCZtVUKZdmH9wZJQC2WuZL6hTqGZHHFBAeju2zBzGWT21LlcPRlT0/2DP2/OdfIHoHCr2ORp4g==}
    engines: {node: '>=16.20.2'}

  '@cardano-sdk/util@0.15.7':
    resolution: {integrity: sha512-L0f3gXFujRwSSpjzq2W/OwW23fg0gw5S+9R+91He3LgmyfjNygd939eFPCLhwOscsHcJ4AN27UJSYnx3JMKZ0w==}
    engines: {node: '>=16.20.2'}

  '@cardano-sdk/util@0.16.0':
    resolution: {integrity: sha512-f0tfX8oiauqAFCyyc/o2Ouezyk83QD4zqLl4DUjZNyCtITL8gBHh25Bkw7RUCGEZ+hf6Qms1n0ui0j3wVY7zRg==}
    engines: {node: '>=16.20.2'}

  '@cardanosolutions/json-bigint@1.0.1':
    resolution: {integrity: sha512-mbYL6jtHqMFCZnTFhmkmoeDzHMBino0gMiGQnOJE7CwzZzkK2HCpH0MTBk+84QDadMEGX7iFt7uB+levm1a+bQ==}

  '@chainsafe/is-ip@2.1.0':
    resolution: {integrity: sha512-KIjt+6IfysQ4GCv66xihEitBjvhU/bixbbbFxdJ1sqCp4uJ0wuZiYBPhksZoy4lfaF0k9cwNzY5upEW/VWdw3w==}

  '@chainsafe/netmask@2.0.0':
    resolution: {integrity: sha512-I3Z+6SWUoaljh3TBzCnCxjlUyN8tA+NAk5L6m9IxvCf1BENQTePzPMis97CoN/iMW1St3WN+AWCCRp+TTBRiDg==}

  '@connectrpc/connect-node@1.4.0':
    resolution: {integrity: sha512-0ANnrr6SvsjevsWEgdzHy7BaHkluZyS6s4xNoVt7RBHFR5V/kT9lPokoIbYUOU9JHzdRgTaS3x5595mwUsu15g==}
    engines: {node: '>=16.0.0'}
    peerDependencies:
      '@bufbuild/protobuf': ^1.4.2
      '@connectrpc/connect': 1.4.0

  '@connectrpc/connect-web@1.4.0':
    resolution: {integrity: sha512-13aO4psFbbm7rdOFGV0De2Za64DY/acMspgloDlcOKzLPPs0yZkhp1OOzAQeiAIr7BM/VOHIA3p8mF0inxCYTA==}
    peerDependencies:
      '@bufbuild/protobuf': ^1.4.2
      '@connectrpc/connect': 1.4.0

  '@connectrpc/connect@1.4.0':
    resolution: {integrity: sha512-vZeOkKaAjyV4+RH3+rJZIfDFJAfr+7fyYr6sLDKbYX3uuTVszhFe9/YKf5DNqrDb5cKdKVlYkGn6DTDqMitAnA==}
    peerDependencies:
      '@bufbuild/protobuf': ^1.4.2

  '@emurgo/cardano-message-signing-nodejs@1.1.0':
    resolution: {integrity: sha512-PQRc8K8wZshEdmQenNUzVtiI8oJNF/1uAnBhidee5C4o1l2mDLOW+ur46HWHIFKQ6x8mSJTllcjMscHgzju0gQ==}

  '@fastify/busboy@2.1.1':
    resolution: {integrity: sha512-vBZP4NlzfOlerQTnba4aqZoMhE/a9HY7HRqoOPaETQcSQuWEIyZMHGfVu6w9wGtGK5fED5qRs2DteVCjOH60sA==}
    engines: {node: '>=14'}

  '@foxglove/crc@0.0.3':
    resolution: {integrity: sha512-DjIZsnL3CyP/yQ/vUYA9cjrD0a/8YXejI5ZmsaOiT16cLfZcTwaCxIN01/ys4jsy+dZCQ/9DnWFn7AEFbiMDaA==}

  '@harmoniclabs/bigint-utils@1.0.0':
    resolution: {integrity: sha512-OhZMHcdtH2hHKMlxWFHf71PmKHdoi9ARpjS9mUu0/cd8VWDDjT7VQoQwC5NN/68iyO4O5Dojrvrp9tjG5BDABA==}

  '@harmoniclabs/biguint@1.0.0':
    resolution: {integrity: sha512-5DyCIBDL4W+7ffR1IJSbGrCG4xEYxAlFH5gCNF42qtyL5ltwZ92Ae1MyXpHM2TUPy7ocSTqlLUsOdy+SvqVVPw==}

  '@harmoniclabs/bitstream@1.0.0':
    resolution: {integrity: sha512-Ed/I46IuCiytE5QiMmmUo9kPJcypM7OuUqoRaAXUALL5C6LKLpT6kYE1qeuhLkx2/WvkHT18jcOX6jhM/nmqoA==}

  '@harmoniclabs/bytestring@1.0.0':
    resolution: {integrity: sha512-d5m10O0okKc6QNX0pSRriFTkk/kNMnMBGbo5X3kEZwKaXTI4tDVoTZBL7bwbYHwOEdSxWJjVtlO9xtB7ZrYZNg==}

  '@harmoniclabs/cbor@1.3.0':
    resolution: {integrity: sha512-gzRqqcJL8sulc2/6iqRXZdWUCEeK3A+jwJ88sbVNzgk4IeMFQLSFg4Ck8ZBETu/W/q1zdknjNfJYyH1OxVriQA==}
    deprecated: update to 1.6.0

  '@harmoniclabs/crypto@0.2.4':
    resolution: {integrity: sha512-aVehpKFvgbzFn2qCoRHnrUHAB6XxU1YN61+2Tygo7T6oY3zubI0CI8Ydn2ELp2gidUaFzkICOKFZnAfq6Hxa3w==}

  '@harmoniclabs/obj-utils@1.0.0':
    resolution: {integrity: sha512-EO1bQBZAORrutcP+leP5YNDwNd/9TOE23VEvs3ktniXg6w0knUrLjUIl2Pkcbs/D1VQxqmsNpXho+vaMj00qxA==}

  '@harmoniclabs/pair@1.0.0':
    resolution: {integrity: sha512-D9OBowsUsy1LctHxWzd9AngTzoo5x3rBiJ0gu579t41Q23pb+VNx1euEfluUEiaYbgljcl1lb/4D1fFTZd1tRQ==}

  '@harmoniclabs/plutus-data@1.2.4':
    resolution: {integrity: sha512-cpr6AnJRultH6PJRDriewHEgNLQs2IGLampZrLjmK5shzTsHICD0yD0Zig9eKdcS7dmY6mlzvSpAJWPGeTxbCA==}
    peerDependencies:
      '@harmoniclabs/bytestring': ^1.0.0
      '@harmoniclabs/cbor': ^1.3.0

  '@harmoniclabs/uint8array-utils@1.0.4':
    resolution: {integrity: sha512-Z454prSbX4geXGHyjjcn9vm6u9NsD3VJykv8f8yE1VjIXSPitaLPEnm8u2+B+GMp1chYlLilOq+kW4OvJ6y28A==}

  '@harmoniclabs/uplc@1.2.4':
    resolution: {integrity: sha512-Px6utj94cO/hQd9NJgVQI8zycsbgh3rAzDeLdZ1m52bo++EuU1GL+arWX3JYso3/3uNrnUFuizjrAIISwQe3Fg==}
    peerDependencies:
      '@harmoniclabs/bytestring': ^1.0.0
      '@harmoniclabs/cbor': ^1.3.0
      '@harmoniclabs/crypto': ^0.2.4
      '@harmoniclabs/pair': ^1.0.0
      '@harmoniclabs/plutus-data': ^1.2.4

  '@leichtgewicht/ip-codec@2.0.5':
    resolution: {integrity: sha512-Vo+PSpZG2/fmgmiNzYK9qWRh8h/CHrwD0mo1h1DzL4yzHNSfWYujGTYsWGreD000gcgmZ7K4Ys6Tx9TxtsKdDw==}

  '@meshsdk/common@1.9.0-beta-40':
    resolution: {integrity: sha512-owMpLDCJAIY5SFcvrh5uIBd7EPKl7vfxLuPFv9ZA/QcbT7YvbzBD/f6H+2ZgCHnNkuHFqoqBPoC+DQEzjeyagQ==}

  '@meshsdk/core-csl@1.9.0-beta-40':
    resolution: {integrity: sha512-7JGBIGKCQ5QV6A8giUT3aHtVsnoEQa5BT9WREeMe79lnCg9K6/4oiyN4jaueqgrzF+XHw6vdRtCGIp/eNzXGvA==}

  '@meshsdk/core-cst@1.9.0-beta-40':
    resolution: {integrity: sha512-fP71MGGZ3u99nCYn1+cil7oMhYGTPYN6jbwmuJXTyxrSJe7xA6jBb13WBl4VRm+wII/ME9topxx9BirhQO6bGA==}

  '@multiformats/dns@1.0.6':
    resolution: {integrity: sha512-nt/5UqjMPtyvkG9BQYdJ4GfLK3nMqGpFZOzf4hAmIa0sJh2LlS9YKXZ4FgwBDsaHvzZqR/rUFIywIc7pkHNNuw==}

  '@multiformats/mafmt@12.1.6':
    resolution: {integrity: sha512-tlJRfL21X+AKn9b5i5VnaTD6bNttpSpcqwKVmDmSHLwxoz97fAHaepqFOk/l1fIu94nImIXneNbhsJx/RQNIww==}

  '@multiformats/multiaddr@12.4.0':
    resolution: {integrity: sha512-FL7yBTLijJ5JkO044BGb2msf+uJLrwpD6jD6TkXlbjA9N12+18HT40jvd4o5vL4LOJMc86dPX6tGtk/uI9kYKg==}

  '@noble/hashes@1.8.0':
    resolution: {integrity: sha512-jCs9ldd7NwzpgXDIf6P3+NrHh9/sD6CQdxHyjQI+h/6rDNo88ypBxxz45UDuZHz9r3tNz7N/VInSVoVdtXEI4A==}
    engines: {node: ^14.21.3 || >=16}

  '@scure/base@1.2.5':
    resolution: {integrity: sha512-9rE6EOVeIQzt5TSu4v+K523F8u6DhBsoZWPGKlnCshhlDhy0kJzUX4V+tr2dWmzF1GdekvThABoEQBGBQI7xZw==}

  '@sidan-lab/whisky-js-browser@1.0.4':
    resolution: {integrity: sha512-/Sc0YuU0KKacYvsev471oA+o73YKqtxcd7JQivrI86K+YL59k+rNqTly1H+rXo+hd14qqrUe8NTvVkMAQ4zr9g==}

  '@sidan-lab/whisky-js-nodejs@1.0.4':
    resolution: {integrity: sha512-AVhO19FRRPTqyyHqcfDNeHL2eAtTUaYNcftTLi3sSWFvXKyspFVbDF76MLRmgir1gJvvQLFjxTbqKG/DgyzEqQ==}

  '@types/base32-encoding@1.0.2':
    resolution: {integrity: sha512-6kXiZ8gETqBU/B9ddcw15nwacX4iX9mLZTU0kghWK5u+OdjfJg6vxHh/vXoURWTyLSzs2jKgcq1lS3S/Tvl4mw==}

  '@types/dns-packet@5.6.5':
    resolution: {integrity: sha512-qXOC7XLOEe43ehtWJCMnQXvgcIpv6rPmQ1jXT98Ad8A3TB1Ue50jsCbSSSyuazScEuZ/Q026vHbrOTVkmwA+7Q==}

  '@types/json-bigint@1.0.4':
    resolution: {integrity: sha512-ydHooXLbOmxBbubnA7Eh+RpBzuaIiQjh8WGJYQB50JFGFrdxW7JzVlyEV7fAXw0T2sqJ1ysTneJbiyNLqZRAag==}

  '@types/node@22.15.12':
    resolution: {integrity: sha512-K0fpC/ZVeb8G9rm7bH7vI0KAec4XHEhBam616nVJCV51bKzJ6oA3luG4WdKoaztxe70QaNjS/xBmcDLmr4PiGw==}

  '@utxorpc/sdk@0.6.7':
    resolution: {integrity: sha512-wBRZLbSbpvQf9EkqjjKbPlv8VO1ovPITsPYu9R+39ScZ8Uywnj6G7vqv7UWZthX9tglwwDqNLoyM9k4QuJHBcQ==}

  '@utxorpc/spec@0.10.1':
    resolution: {integrity: sha512-0INat5xSjkTeqKr+JO3SMQQ2PxcfZNUi5wJja/Fpnp68f52eTJf4X4QGy7tzqYzMsK/ZYhRr95J+WUeM6Vbmwg==}
    engines: {node: '>=20.0.0'}

  '@utxorpc/spec@0.16.0':
    resolution: {integrity: sha512-EK2M0TBp14MrRCYDuFeJ+bAS39RxxLLh+CD08h/YvAgxSv/4ZOBCf1/sxHAGCBGGndB4heZYFeuQ+i1i8vP5lw==}
    engines: {node: '>=20.0.0'}

  '@zxing/text-encoding@0.9.0':
    resolution: {integrity: sha512-U/4aVJ2mxI0aDNI8Uq0wEhMgY+u4CNtEb0om3+y3+niDAsoTCOB33UF0sxpzqzdqXLqmvc+vZyAt4O8pPdfkwA==}

  available-typed-arrays@1.0.7:
    resolution: {integrity: sha512-wvUjBtSGN7+7SjNpq/9M2Tg350UZD3q62IFZLbRAR1bSMlCo1ZaeW+BJ+D090e4hIIZLBcTDWe4Mh4jvUDajzQ==}
    engines: {node: '>= 0.4'}

  b4a@1.6.7:
    resolution: {integrity: sha512-OnAYlL5b7LEkALw87fUVafQw5rVR9RjwGd4KUwNQ6DrrNmaVaUCgLipfVlzrPQ4tWOR9P0IXGNOx50jYCCdSJg==}

  base32-encoding@1.0.0:
    resolution: {integrity: sha512-k1gA7f00ODLY7YtuEQFz0Kn3huTCmL/JW+oQtw51ID+zxs5chj/YQ1bXN+Q0JsqiKB2Yn0oA0AA8uipFYgpagQ==}

  base64-js@1.5.1:
    resolution: {integrity: sha512-AKpaYlHn8t4SVbOHCy+b5+KKgvR4vrsD8vbvrbiQJps7fKDTkjkDry6ji0rUJjC0kzbNePLwzxq8iypo41qeWA==}

  bech32@2.0.0:
    resolution: {integrity: sha512-LcknSilhIGatDAsY1ak2I8VtGaHNhgMSYVxFrGLXv+xLHytaKZKcaUJJUE7qmBr7h33o5YQwP55pMI0xmkpJwg==}

  bignumber.js@9.3.0:
    resolution: {integrity: sha512-EM7aMFTXbptt/wZdMlBv2t8IViwQL+h6SLHosp8Yf0dqJMTnY6iL32opnAB6kAdL0SZPuvcAzFr31o0c/R3/RA==}

  bindings@1.5.0:
    resolution: {integrity: sha512-p2q/t/mhvuOj/UeLlV6566GD/guowlr0hHxClI0W9m7MWYkL1F0hLo+0Aexs9HSPCtR1SXQ0TD3MMKrXZajbiQ==}

  bip39@3.1.0:
    resolution: {integrity: sha512-c9kiwdk45Do5GL0vJMe7tS95VjCii65mYAH7DfWl3uW8AVzXKQVUm64i3hzVybBDMp9r7j9iNxR85+ul8MdN/A==}

  blake2b-wasm@2.4.0:
    resolution: {integrity: sha512-S1kwmW2ZhZFFFOghcx73+ZajEfKBqhP82JMssxtLVMxlaPea1p9uoLiUZ5WYyHn0KddwbLc+0vh4wR0KBNoT5w==}

  blake2b@2.1.4:
    resolution: {integrity: sha512-AyBuuJNI64gIvwx13qiICz6H6hpmjvYS5DGkG6jbXMOT8Z3WUJ3V1X0FlhIoT1b/5JtHE3ki+xjtMvu1nn+t9A==}

  blakejs@1.2.1:
    resolution: {integrity: sha512-QXUSXI3QVc/gJME0dBpXrag1kbzOqCjCX8/b54ntNyW6sjtoqxqRk3LTmXzaJoh71zMsDCjM+47jS7XiwN/+fQ==}

  bn.js@5.2.2:
    resolution: {integrity: sha512-v2YAxEmKaBLahNwE1mjp4WON6huMNeuDvagFZW+ASCuA/ku0bXR9hSMw0XpiqMoA3+rmnyck/tPRSFQkoC9Cuw==}

  buffer@6.0.3:
    resolution: {integrity: sha512-FTiCpNxtwiZZHEZbcbTIcZjERVICn9yq/pDFkTl95/AxzD1naBctN7YO68riM/gLSDY7sdrMby8hofADYuuqOA==}

  call-bind-apply-helpers@1.0.2:
    resolution: {integrity: sha512-Sp1ablJ0ivDkSzjcaJdxEunN5/XvksFJ2sMBFfq6x0ryhQV/2b/KwFe21cMpmHtPOSij8K99/wSfoEuTObmuMQ==}
    engines: {node: '>= 0.4'}

  call-bind@1.0.8:
    resolution: {integrity: sha512-oKlSFMcMwpUg2ednkhQ454wfWiU/ul3CkJe/PEHcTKuiX6RpbehUiFMXu13HalGZxfUwCQzZG747YXBn1im9ww==}
    engines: {node: '>= 0.4'}

  call-bound@1.0.4:
    resolution: {integrity: sha512-+ys997U96po4Kx/ABpBCqhA9EuxJaQWDQg7295H4hBphv3IZg0boBKuwYpt4YXp6MZ5AmZQnU/tyMTlRpaSejg==}
    engines: {node: '>= 0.4'}

  chacha-native@2.0.3:
    resolution: {integrity: sha512-93h+osfjhR2sMHAaapTLlL/COoBPEZ6upicPBQ4GfUyadoMb8t9/M0PKK8kC+F+DEA/Oy3Kg9w3HzY3J1foP3g==}

  chacha@2.1.0:
    resolution: {integrity: sha512-FhVtqaZOiHlOKUkAWfDlJ+oe/O8iPQbCC0pFXJqphr4YQBCZPXa8Mv3j35+W4eWFWCoTUcW2u5IWDDkknygvVA==}

  cipher-base@1.0.6:
    resolution: {integrity: sha512-3Ek9H3X6pj5TgenXYtNWdaBon1tgYCaebd+XPg0keyjEbEfkD4KkmAxkQ/i1vYvxdcT5nscLBfq9VJRmCBcFSw==}
    engines: {node: '>= 0.10'}

  core-util-is@1.0.3:
    resolution: {integrity: sha512-ZQBvi1DcpJ4GDqanjucZ2Hj3wEO5pZDS89BWbkcrvdxksJorwUDDZamX9ldFkp9aw2lmBDLgkObEA4DWNJ9FYQ==}

  create-hash@1.2.0:
    resolution: {integrity: sha512-z00bCGNHDG8mHAkP7CtT1qVu+bFQUPjYq/4Iv3C3kWjTFV10zIjfSoeqXo9Asws8gwSHDGj/hl2u4OGIjapeCg==}

  create-hmac@1.1.7:
    resolution: {integrity: sha512-MJG9liiZ+ogc4TzUwuvbER1JRdgvUFSB5+VR/g5h82fGaIRWMWddtKBHi7/sVhfjQZ6SehlyhvQYrcYkaUIpLg==}

  cross-fetch@3.2.0:
    resolution: {integrity: sha512-Q+xVJLoGOeIMXZmbUK4HYk+69cQH6LudR0Vu/pRm2YlU/hDV9CiS0gKUMaWY5f2NeUH9C1nV3bsTlCo0FsTV1Q==}

  define-data-property@1.1.4:
    resolution: {integrity: sha512-rBMvIzlpA8v6E+SJZoo++HAYqsLrkg7MSfIinMPFhmkorw7X+dOXVJQs+QT69zGkzMyfDnIMN2Wid1+NbL3T+A==}
    engines: {node: '>= 0.4'}

  dns-packet@5.6.1:
    resolution: {integrity: sha512-l4gcSouhcgIKRvyy99RNVOgxXiicE+2jZoNmaNmZ6JXiGajBOJAesk1OBlJuM5k2c+eudGdLxDqXuPCKIj6kpw==}
    engines: {node: '>=6'}

  dom-walk@0.1.2:
    resolution: {integrity: sha512-6QvTW9mrGeIegrFXdtQi9pk7O/nSK6lSdXW2eqUspN5LWD7UTji2Fqw5V2YLjBpHEoU9Xl/eUWNpDeZvoyOv2w==}

  dunder-proto@1.0.1:
    resolution: {integrity: sha512-KIN/nDJBQRcXw0MLVhZE9iQHmG68qAVIBg9CqmUYjmQIhgij9U5MFvrqkUL5FbtyyzZuOeOt0zdeRe4UY7ct+A==}
    engines: {node: '>= 0.4'}

  es-define-property@1.0.1:
    resolution: {integrity: sha512-e3nRfgfUZ4rNGL232gUgX06QNyyez04KdjFrF+LTRoOXmrOgFKDg4BCdsjW8EnT69eqdYGmRpJwiPVYNrCaW3g==}
    engines: {node: '>= 0.4'}

  es-errors@1.3.0:
    resolution: {integrity: sha512-Zf5H2Kxt2xjTvbJvP2ZWLEICxA6j+hAmMzIlypy4xcBg1vKVnx89Wy0GbS+kf5cwCVFFzdCFh2XSCFNULS6csw==}
    engines: {node: '>= 0.4'}

  es-object-atoms@1.1.1:
    resolution: {integrity: sha512-FGgH2h8zKNim9ljj7dankFPcICIK9Cp5bm+c2gQSYePhpaG5+esrLODihIorn+Pe6FGJzWhXQotPv73jTaldXA==}
    engines: {node: '>= 0.4'}

  eventemitter3@5.0.1:
    resolution: {integrity: sha512-GWkBvjiSZK87ELrYOSESUYeVIc9mvLLf/nXalMOS5dYrgZq9o5OVkbZAVM06CVxYsCwH9BDZFPlQTlPA1j4ahA==}

  fastq@1.19.1:
    resolution: {integrity: sha512-GwLTyxkCXjXbxqIhTsMI2Nui8huMPtnxg7krajPJAjnEG/iiOS7i+zCtWGZR9G0NBKbXKh6X9m9UIsYX/N6vvQ==}

  file-uri-to-path@1.0.0:
    resolution: {integrity: sha512-0Zt+s3L7Vf1biwWZ29aARiVYLx7iMGnEUl9x33fbB/j3jR81u/O2LbqK+Bm1CDSNDKVtJ/YjwY7TUd5SkeLQLw==}

  for-each@0.3.5:
    resolution: {integrity: sha512-dKx12eRCVIzqCxFGplyFKJMPvLEWgmNtUrpTiJIR5u97zEhRG8ySrtboPHZXx7daLxQVrl643cTzbab2tkQjxg==}
    engines: {node: '>= 0.4'}

  fraction.js@4.0.1:
    resolution: {integrity: sha512-NQYzZw8MUsxSZFQo6E8tKOlmSd/BlDTNOR4puXFSHSwFwNaIlmbortQy5PDN/KnVQ4xWG2NtN0J0hjPw7eE06A==}

  function-bind@1.1.2:
    resolution: {integrity: sha512-7XHNxH7qX9xG5mIwxkhumTox/MIRNcOgDrxWsMt2pAr23WHp6MrRlN7FBSFpCpr+oVO0F744iUgR82nJMfG2SA==}

  get-intrinsic@1.3.0:
    resolution: {integrity: sha512-9fSjSaos/fRIVIp+xSJlE6lfwhES7LNtKaCBIamHsjr2na1BiABJPo0mOjjz8GJDURarmCPGqaiVg5mfjb98CQ==}
    engines: {node: '>= 0.4'}

  get-proto@1.0.1:
    resolution: {integrity: sha512-sTSfBjoXBp89JvIKIefqw7U2CCebsc74kiY6awiGogKtoSGbgjYE/G/+l9sF3MWFPNc9IcoOC4ODfKHfxFmp0g==}
    engines: {node: '>= 0.4'}

  get-random-values@2.1.0:
    resolution: {integrity: sha512-q2yOLpLyA8f9unfv2LV8KVRUFeOIrQVS5cnqpbv6N+ea9j1rmW5dFKj/2Q7CK3juEfDYQgPxGt941VJcmw0jKg==}
    engines: {node: 14 || 16 || >=18}

  global@4.4.0:
    resolution: {integrity: sha512-wv/LAoHdRE3BeTGz53FAamhGlPLhlssK45usmGFThIi4XqnBmjKQ16u+RNbP7WvigRZDxUsM0J3gcQ5yicaL0w==}

  gopd@1.2.0:
    resolution: {integrity: sha512-ZUKRh6/kUFoAiTAtTYPZJ3hw9wNxx+BIBOijnlG9PnrJsCcSjs1wyyD6vJpaYtgnzDrKYRSqf3OO6Rfa93xsRg==}
    engines: {node: '>= 0.4'}

  has-property-descriptors@1.0.2:
    resolution: {integrity: sha512-55JNKuIW+vq4Ke1BjOTjM2YctQIvCT7GFzHwmfZPGo5wnrgkid0YQtnAleFSqumZm4az3n2BS+erby5ipJdgrg==}

  has-symbols@1.1.0:
    resolution: {integrity: sha512-1cDNdwJ2Jaohmb3sg4OmKaMBwuC48sYni5HUw2DvsC8LjGTLK9h+eb1X6RyuOHe4hT0ULCW68iomhjUoKUqlPQ==}
    engines: {node: '>= 0.4'}

  has-tostringtag@1.0.2:
    resolution: {integrity: sha512-NqADB8VjPFLM2V0VvHUewwwsw0ZWBaIdgo+ieHtK3hasLz4qeCRjYcqfB6AQrBggRKppKF8L52/VqdVsO47Dlw==}
    engines: {node: '>= 0.4'}

  hash-base@3.1.0:
    resolution: {integrity: sha512-1nmYp/rhMDiE7AYkDw+lLwlAzz0AntGIe51F3RfFfEqyQ3feY2eI/NcwC6umIQVOASPMsWJLJScWKSSvzL9IVA==}
    engines: {node: '>=4'}

  hashlru@2.3.0:
    resolution: {integrity: sha512-0cMsjjIC8I+D3M44pOQdsy0OHXGLVz6Z0beRuufhKa0KfaD2wGwAev6jILzXsd3/vpnNQJmWyZtIILqM1N+n5A==}

  hasown@2.0.2:
    resolution: {integrity: sha512-0hJU9SCPvmMzIBdZFqNPXWa6dqh7WdH0cII9y+CyS8rG3nL48Bclra9HmKhVVUHyPWNH5Y7xDwAB7bfgSjkUMQ==}
    engines: {node: '>= 0.4'}

  i@0.3.7:
    resolution: {integrity: sha512-FYz4wlXgkQwIPqhzC5TdNMLSE5+GS1IIDJZY/1ZiEPCT2S3COUVZeT5OW4BmW4r5LHLQuOosSwsvnroG9GR59Q==}
    engines: {node: '>=0.4'}

  ieee754@1.2.1:
    resolution: {integrity: sha512-dcyqhDvX1C46lXZcVqCpK+FtMRQVdIMN6/Df5js2zouUsqG7I6sFxitIC+7KYK29KdXOLHdu9zL4sFnoVQnqaA==}

  inherits@2.0.4:
    resolution: {integrity: sha512-k/vGaX4/Yla3WzyMCvTQOXYeIHvqOKtnqBduzTHpzpQZzAskKMhZ2K+EnBiSM9zGSoIFeMpXKxa4dYeZIQqewQ==}

  ip-address@9.0.5:
    resolution: {integrity: sha512-zHtQzGojZXTwZTHQqra+ETKd4Sn3vgi7uBmlPoXVWZqYvuKmtI0l/VZTjqGmJY9x88GGOaZ9+G9ES8hC4T4X8g==}
    engines: {node: '>= 12'}

  is-arguments@1.2.0:
    resolution: {integrity: sha512-7bVbi0huj/wrIAOzb8U1aszg9kdi3KN/CyU19CTI7tAoZYEZoL9yCDXpbXN+uPsuWnP02cyug1gleqq+TU+YCA==}
    engines: {node: '>= 0.4'}

  is-callable@1.2.7:
    resolution: {integrity: sha512-1BC0BVFhS/p0qtw6enp8e+8OD0UrK0oFLztSjNzhcKA3WDuJxxAPXzPuPtKkjEY9UUoEWlX/8fgKeu2S8i9JTA==}
    engines: {node: '>= 0.4'}

  is-generator-function@1.1.0:
    resolution: {integrity: sha512-nPUB5km40q9e8UfN/Zc24eLlzdSf9OfKByBw9CIdw4H1giPMeA0OIJvbchsCu4npfI2QcMVBsGEBHKZ7wLTWmQ==}
    engines: {node: '>= 0.4'}

  is-regex@1.2.1:
    resolution: {integrity: sha512-MjYsKHO5O7mCsmRGxWcLWheFqN9DJ/2TmngvjKXihe6efViPqc274+Fx/4fYj/r03+ESvBdTXK0V6tA3rgez1g==}
    engines: {node: '>= 0.4'}

  is-typed-array@1.1.15:
    resolution: {integrity: sha512-p3EcsicXjit7SaskXHs1hA91QxgTw46Fv6EFKKGS5DRFLD8yKnohjF3hxoju94b/OcMZoQukzpPpBE9uLVKzgQ==}
    engines: {node: '>= 0.4'}

  isarray@0.0.1:
    resolution: {integrity: sha512-D2S+3GLxWH+uhrNEcoh/fnmYeP8E8/zHl644d/jdA0g2uyXvy3sb0qxotE+ne0LtccHknQzWwZEzhak7oJ0COQ==}

  iso-url@1.2.1:
    resolution: {integrity: sha512-9JPDgCN4B7QPkLtYAAOrEuAWvP9rWvR5offAr0/SeF046wIkglqH3VXgYYP6NcsKslH80UIVgmPqNe3j7tG2ng==}
    engines: {node: '>=12'}

  isomorphic-ws@4.0.1:
    resolution: {integrity: sha512-BhBvN2MBpWTaSHdWRb/bwdZJ1WaehQ2L1KngkCkfLUGF0mAWAT1sQUQacEmQ0jXkFw/czDXPNQSL5u2/Krsz1w==}
    peerDependencies:
      ws: '*'

  jsbn@1.1.0:
    resolution: {integrity: sha512-4bYVV3aAMtDTTu4+xsDYa6sy9GyJ69/amsu9sYF2zqjiEoZA5xJi3BrfX3uY+/IekIu7MwdObdbDWpoZdBv3/A==}

  json-bigint@1.0.0:
    resolution: {integrity: sha512-SiPv/8VpZuWbvLSMtTDU8hEfrZWg/mH/nV/b4o0CYbSxu1UIQPLdwKOCIyLQX+VIPO5vrLX3i8qtqFyhdPSUSQ==}

  libsodium-sumo@0.7.15:
    resolution: {integrity: sha512-5tPmqPmq8T8Nikpm1Nqj0hBHvsLFCXvdhBFV7SGOitQPZAA6jso8XoL0r4L7vmfKXr486fiQInvErHtEvizFMw==}

  libsodium-wrappers-sumo@0.7.15:
    resolution: {integrity: sha512-aSWY8wKDZh5TC7rMvEdTHoyppVq/1dTSAeAR7H6pzd6QRT3vQWcT5pGwCotLcpPEOLXX6VvqihSPkpEhYAjANA==}

  lodash@4.17.21:
    resolution: {integrity: sha512-v2kDEe57lecTulaDIuNTPy3Ry4gLGJ6Z1O3vE1krgXZNrsQ+LFTGHVxVjcXPs17LhbZVGedAJv8XZ1tvj5FvSg==}

  math-intrinsics@1.1.0:
    resolution: {integrity: sha512-/IXtbwEk5HTPyEwyKX6hGkYXxM9nbj64B+ilVJnC/R6B0pH5G4V3b0pVbL7DBj4tkhBAppbQUlf6F6Xl9LHu1g==}
    engines: {node: '>= 0.4'}

  md5.js@1.3.5:
    resolution: {integrity: sha512-xitP+WxNPcTTOgnTJcrhM0xvdPepipPSf3I8EIpGKeFLjt3PlJLIDG3u8EX53ZIubkb+5U2+3rELYpEhHhzdkg==}

  min-document@2.19.0:
    resolution: {integrity: sha512-9Wy1B3m3f66bPPmU5hdA4DR4PB2OfDU/+GS3yAB7IQozE3tqXaVv2zOjgla7MEGSRv95+ILmOuvhLkOK6wJtCQ==}

  multiformats@13.3.2:
    resolution: {integrity: sha512-qbB0CQDt3QKfiAzZ5ZYjLFOs+zW43vA4uyM8g27PeEuXZybUOFyjrVdP93HPBHMoglibwfkdVwbzfUq8qGcH6g==}

  nan@2.22.2:
    resolution: {integrity: sha512-DANghxFkS1plDdRsX0X9pm0Z6SJNN6gBdtXfanwoZ8hooC5gosGFSBGRYHUVPz1asKA/kMRqDRdHrluZ61SpBQ==}

  nanoassert@2.0.0:
    resolution: {integrity: sha512-7vO7n28+aYO4J+8w96AzhmU8G+Y/xpPDJz/se19ICsqj/momRbb9mh9ZUtkoJ5X3nTnPdhEJyc0qnM6yAsHBaA==}

  nanoid@3.3.11:
    resolution: {integrity: sha512-N8SpfPUnUp1bK+PMYW8qSWdl9U+wwNWI4QKxOYDy9JAro3WMX7p2OeVRF9v+347pnakNevPmiHhNmZ2HbFA76w==}
    engines: {node: ^10 || ^12 || ^13.7 || ^14 || >=15.0.1}
    hasBin: true

  node-fetch@2.7.0:
    resolution: {integrity: sha512-c4FRfUm/dbcWZ7U+1Wq0AwCyFL+3nt2bEw05wfxSz+DWpWsitgmSgYmy2dQdWyKC1694ELPqMs/YzUSNozLt8A==}
    engines: {node: 4.x || >=6.0.0}
    peerDependencies:
      encoding: ^0.1.0
    peerDependenciesMeta:
      encoding:
        optional: true

  npm@9.9.4:
    resolution: {integrity: sha512-NzcQiLpqDuLhavdyJ2J3tGJ/ni/ebcqHVFZkv1C4/6lblraUPbPgCJ4Vhb4oa3FFhRa2Yj9gA58jGH/ztKueNQ==}
    engines: {node: ^14.17.0 || ^16.13.0 || >=18.0.0}
    hasBin: true
    bundledDependencies:
      - '@isaacs/string-locale-compare'
      - '@npmcli/arborist'
      - '@npmcli/config'
      - '@npmcli/fs'
      - '@npmcli/map-workspaces'
      - '@npmcli/package-json'
      - '@npmcli/promise-spawn'
      - '@npmcli/run-script'
      - abbrev
      - archy
      - cacache
      - chalk
      - ci-info
      - cli-columns
      - cli-table3
      - columnify
      - fastest-levenshtein
      - fs-minipass
      - glob
      - graceful-fs
      - hosted-git-info
      - ini
      - init-package-json
      - is-cidr
      - json-parse-even-better-errors
      - libnpmaccess
      - libnpmdiff
      - libnpmexec
      - libnpmfund
      - libnpmhook
      - libnpmorg
      - libnpmpack
      - libnpmpublish
      - libnpmsearch
      - libnpmteam
      - libnpmversion
      - make-fetch-happen
      - minimatch
      - minipass
      - minipass-pipeline
      - ms
      - node-gyp
      - nopt
      - normalize-package-data
      - npm-audit-report
      - npm-install-checks
      - npm-package-arg
      - npm-pick-manifest
      - npm-profile
      - npm-registry-fetch
      - npm-user-validate
      - npmlog
      - p-map
      - pacote
      - parse-conflict-json
      - proc-log
      - qrcode-terminal
      - read
      - semver
      - sigstore
      - spdx-expression-parse
      - ssri
      - supports-color
      - tar
      - text-table
      - tiny-relative-date
      - treeverse
      - validate-npm-package-name
      - which
      - write-file-atomic

  p-queue@8.1.0:
    resolution: {integrity: sha512-mxLDbbGIBEXTJL0zEx8JIylaj3xQ7Z/7eEVjcF9fJX4DBiH9oqe+oahYnlKKxm0Ci9TlWTyhSHgygxMxjIB2jw==}
    engines: {node: '>=18'}

  p-timeout@6.1.4:
    resolution: {integrity: sha512-MyIV3ZA/PmyBN/ud8vV9XzwTrNtR4jFrObymZYnZqMmW0zA8Z17vnT0rBgFE/TlohB+YCHqXMgZzb3Csp49vqg==}
    engines: {node: '>=14.16'}

  pbkdf2@3.1.2:
    resolution: {integrity: sha512-iuh7L6jA7JEGu2WxDwtQP1ddOpaJNC4KlDEFfdQajSGgGPNi4OyDc2R7QnbY2bR9QjBVGwgvTdNJZoE7RaxUMA==}
    engines: {node: '>=0.12'}

  possible-typed-array-names@1.1.0:
    resolution: {integrity: sha512-/+5VFTchJDoVj3bhoqi6UeymcD00DAwb1nJwamzPvHEszJ4FpF6SNNbUbOS8yI56qHzdV8eK0qEfOSiodkTdxg==}
    engines: {node: '>= 0.4'}

  process@0.11.10:
    resolution: {integrity: sha512-cdGef/drWFoydD1JsMzuFf8100nZl+GT+yacc2bEced5f9Rjk4z+WtFUTBu9PhOi9j/jfmBPu0mMEY4wIdAF8A==}
    engines: {node: '>= 0.6.0'}

  progress-events@1.0.1:
    resolution: {integrity: sha512-MOzLIwhpt64KIVN64h1MwdKWiyKFNc/S6BoYKPIVUHFg0/eIEyBulhWCgn678v/4c0ri3FdGuzXymNCv02MUIw==}

  readable-stream@1.1.14:
    resolution: {integrity: sha512-+MeVjFf4L44XUkhM1eYbD8fyEsxcV81pqMSR5gblfcLCHfZvbrqy4/qYHE+/R5HoBUT11WV5O08Cr1n3YXkWVQ==}

  readable-stream@3.6.2:
    resolution: {integrity: sha512-9u/sniCrY3D5WdsERHzHE4G2YCXqoG5FTHUiCC4SIbr6XcLZBY05ya9EKjYek9O5xOAwjGq+1JdGBAS7Q9ScoA==}
    engines: {node: '>= 6'}

  reusify@1.1.0:
    resolution: {integrity: sha512-g6QUff04oZpHs0eG5p83rFLhHeV00ug/Yf9nZM6fLeUrPguBTkTQOdpAWWspMh55TZfVQDPaN3NQJfbVRAxdIw==}
    engines: {iojs: '>=1.0.0', node: '>=0.10.0'}

  ripemd160@2.0.2:
    resolution: {integrity: sha512-ii4iagi25WusVoiC4B4lq7pbXfAp3D9v5CwfkY33vffw2+pkDjY1D8GaN7spsxvCSx8dkPqOZCEZyfxcmJG2IA==}

  rxjs@7.8.2:
    resolution: {integrity: sha512-dhKf903U/PQZY6boNNtAGdWbG85WAbjT/1xYoZIC7FAY0yWapOBQVsVrDl58W86//e1VpMNBtRV4MaXfdMySFA==}

  safe-buffer@5.2.1:
    resolution: {integrity: sha512-rp3So07KcdmmKbGvgaNxQSJr7bGVSVk5S9Eq1F+ppbRo70+YeaDxkw5Dd8NPN+GD6bjnYm2VuPuCXmpuYvmCXQ==}

  safe-regex-test@1.1.0:
    resolution: {integrity: sha512-x/+Cz4YrimQxQccJf5mKEbIa1NzeCRNI5Ecl/ekmlYaampdNLPalVyIcCZNNH3MvmqBugV5TMYZXv0ljslUlaw==}
    engines: {node: '>= 0.4'}

  serialize-error@8.1.0:
    resolution: {integrity: sha512-3NnuWfM6vBYoy5gZFvHiYsVbafvI9vZv/+jlIigFn4oP4zjNPK3LhcY0xSCgeb1a5L8jO71Mit9LlNoi2UfDDQ==}
    engines: {node: '>=10'}

  set-function-length@1.2.2:
    resolution: {integrity: sha512-pgRc4hJ4/sNjWCSS9AmnS40x3bNMDTknHgL5UaMBTMyJnU90EgWh1Rz+MC9eFu4BuN/UwZjKQuY/1v3rM7HMfg==}
    engines: {node: '>= 0.4'}

  sha.js@2.4.11:
    resolution: {integrity: sha512-QMEp5B7cftE7APOjk5Y6xgrbWu+WkLVQwk8JNjZ8nKRciZaByEW6MubieAiToS7+dwvrjGhH8jRXz3MVd0AYqQ==}
    hasBin: true

  sprintf-js@1.1.3:
    resolution: {integrity: sha512-Oo+0REFV59/rz3gfJNKQiBlwfHaSESl1pcGyABQsnnIfWOFt6JNj5gCog2U6MLZ//IGYD+nA8nI+mTShREReaA==}

  string_decoder@0.10.31:
    resolution: {integrity: sha512-ev2QzSzWPYmy9GuqfIVildA4OdcGLeFZQrq5ys6RtiuF+RQQiZWr8TZNyAcuVXyQRYfEO+MsoB/1BuQVhOJuoQ==}

  string_decoder@1.3.0:
    resolution: {integrity: sha512-hkRX8U1WjJFd8LsDJ2yQ/wWWxaopEsABU1XfkM8A+j0+85JAGppt16cr1Whg6KIbb4okU6Mql6BOj+uup/wKeA==}

  tr46@0.0.3:
    resolution: {integrity: sha512-N3WMsuqV66lT30CrXNbEjx4GEwlow3v6rr4mCcv6prnfwhS01rkgyFdjPNBYd9br7LpXV1+Emh01fHnq2Gdgrw==}

  ts-custom-error@3.3.1:
    resolution: {integrity: sha512-5OX1tzOjxWEgsr/YEUWSuPrQ00deKLh6D7OTWcvNHm12/7QPyRh8SYpyWvA4IZv8H/+GQWQEh/kwo95Q9OVW1A==}
    engines: {node: '>=14.0.0'}

  ts-log@2.2.7:
    resolution: {integrity: sha512-320x5Ggei84AxzlXp91QkIGSw5wgaLT6GeAH0KsqDmRZdVWW2OiSeVvElVoatk3f7nicwXlElXsoFkARiGE2yg==}

  tslib@2.8.1:
    resolution: {integrity: sha512-oJFu94HQb+KVduSUQL7wnpmqnfmLsOA/nAh6b6EH0wCEoK0/mPeXU6c3wKDV83MkOuHPRHtSXKKU99IBazS/2w==}

  type-fest@0.20.2:
    resolution: {integrity: sha512-Ne+eE4r0/iWnpAxD852z3A+N0Bt5RN//NjJwRd2VFHEmrywxf5vsZlh4R6lixl6B+wz/8d+maTSAkN1FIkI3LQ==}
    engines: {node: '>=10'}

  type-fest@2.19.0:
    resolution: {integrity: sha512-RAH822pAdBgcNMAfWnCBU3CFZcfZ/i1eZjwFU/dsLKumyuuP3niueg2UAukXYF0E2AAoc82ZSSf9J0WQBinzHA==}
    engines: {node: '>=12.20'}

  typescript@5.8.3:
    resolution: {integrity: sha512-p1diW6TqL9L07nNxvRMM7hMMw4c5XOo/1ibL4aAIGmSAt9slTE1Xgw5KWuof2uTOvCg9BY7ZRi+GaF+7sfgPeQ==}
    engines: {node: '>=14.17'}
    hasBin: true

  uint8-varint@2.0.4:
    resolution: {integrity: sha512-FwpTa7ZGA/f/EssWAb5/YV6pHgVF1fViKdW8cWaEarjB8t7NyofSWBdOTyFPaGuUG4gx3v1O3PQ8etsiOs3lcw==}

  uint8arraylist@2.4.8:
    resolution: {integrity: sha512-vc1PlGOzglLF0eae1M8mLRTBivsvrGsdmJ5RbK3e+QRvRLOZfZhQROTwH/OfyF3+ZVUg9/8hE8bmKP2CvP9quQ==}

  uint8arrays@5.1.0:
    resolution: {integrity: sha512-vA6nFepEmlSKkMBnLBaUMVvAC4G3CTmO58C12y4sq6WPDOR7mOFYOi7GlrQ4djeSbP6JG9Pv9tJDM97PedRSww==}

  undici-types@6.21.0:
    resolution: {integrity: sha512-iwDZqg0QAGrg9Rav5H4n0M64c3mkR59cJ6wQp+7C4nI0gsmExaedaYLNO44eT4AtBBwjbTiGPMlt2Md0T9H9JQ==}

  undici@5.29.0:
    resolution: {integrity: sha512-raqeBD6NQK4SkWhQzeYKd1KmIG6dllBOTt55Rmkt4HtI9mwdWtJljnrXjAFUBLTSN67HWrOIZ3EPF4kjUw80Bg==}
    engines: {node: '>=14.0'}

  util-deprecate@1.0.2:
    resolution: {integrity: sha512-EPD5q1uXyFxJpCrLnCc1nHnq3gOa6DZBocAIiI2TaSCA7VCJ1UJDMagCzIkXNsUYfD1daK//LTEQ8xiIbrHtcw==}

  util@0.12.5:
    resolution: {integrity: sha512-kZf/K6hEIrWHI6XqOFUiiMa+79wE/D8Q+NCNAWclkyg3b4d2k7s0QGepNjiABc+aR3N1PAyHL7p6UcLY6LmrnA==}

  web-encoding@1.1.5:
    resolution: {integrity: sha512-HYLeVCdJ0+lBYV2FvNZmv3HJ2Nt0QYXqZojk3d9FJOLkwnuhzM9tmamh8d7HPM8QqjKH8DeHkFTx+CFlWpZZDA==}

  webextension-polyfill@0.8.0:
    resolution: {integrity: sha512-a19+DzlT6Kp9/UI+mF9XQopeZ+n2ussjhxHJ4/pmIGge9ijCDz7Gn93mNnjpZAk95T4Tae8iHZ6sSf869txqiQ==}

  webidl-conversions@3.0.1:
    resolution: {integrity: sha512-2JAn3z8AR6rjK8Sm8orRC0h/bcl/DqL7tRPdGZ4I1CjdF+EaMLmYxBHyXuKL849eucPFhvBoxMsflfOb8kxaeQ==}

  whatwg-url@5.0.0:
    resolution: {integrity: sha512-saE57nupxk6v3HY35+jzBwYa0rKSy0XR8JSxZPwgLr7ys0IBzhGviA1/TUGJLmSVqs8pb9AnvICXEuOHLprYTw==}

  which-typed-array@1.1.19:
    resolution: {integrity: sha512-rEvr90Bck4WZt9HHFC4DJMsjvu7x+r6bImz0/BrbWb7A2djJ8hnZMrWnHo9F8ssv0OMErasDhftrfROTyqSDrw==}
    engines: {node: '>= 0.4'}

  ws@7.5.10:
    resolution: {integrity: sha512-+dbF1tHwZpXcbOJdVOkzLDxZP1ailvSxM6ZweXTegylPny803bFhA+vqBYw4s31NSAk4S2Qz+AKXK9a4wkdjcQ==}
    engines: {node: '>=8.3.0'}
    peerDependencies:
      bufferutil: ^4.0.1
      utf-8-validate: ^5.0.2
    peerDependenciesMeta:
      bufferutil:
        optional: true
      utf-8-validate:
        optional: true

snapshots:

  '@biglup/is-cid@1.0.3':
    dependencies:
      '@multiformats/mafmt': 12.1.6
      '@multiformats/multiaddr': 12.4.0
      iso-url: 1.2.1
      multiformats: 13.3.2
      uint8arrays: 5.1.0

  '@bufbuild/protobuf@1.10.1': {}

  '@cardano-ogmios/client@6.9.0':
    dependencies:
      '@cardano-ogmios/schema': 6.9.0
      '@cardanosolutions/json-bigint': 1.0.1
      '@types/json-bigint': 1.0.4
      bech32: 2.0.0
      cross-fetch: 3.2.0
      fastq: 1.19.1
      isomorphic-ws: 4.0.1(ws@7.5.10)
      nanoid: 3.3.11
      ts-custom-error: 3.3.1
      ws: 7.5.10
    transitivePeerDependencies:
      - bufferutil
      - encoding
      - utf-8-validate

  '@cardano-ogmios/schema@6.9.0': {}

  '@cardano-sdk/core@0.43.0(rxjs@7.8.2)':
    dependencies:
      '@biglup/is-cid': 1.0.3
      '@cardano-ogmios/client': 6.9.0
      '@cardano-ogmios/schema': 6.9.0
      '@cardano-sdk/crypto': 0.1.32
      '@cardano-sdk/util': 0.15.7
      '@foxglove/crc': 0.0.3
      '@scure/base': 1.2.5
      fraction.js: 4.0.1
      ip-address: 9.0.5
      lodash: 4.17.21
      ts-custom-error: 3.3.1
      ts-log: 2.2.7
      web-encoding: 1.1.5
    optionalDependencies:
      rxjs: 7.8.2
    transitivePeerDependencies:
      - '@dcspark/cardano-multiplatform-lib-asmjs'
      - '@dcspark/cardano-multiplatform-lib-browser'
      - '@dcspark/cardano-multiplatform-lib-nodejs'
      - bufferutil
      - encoding
      - utf-8-validate

  '@cardano-sdk/core@0.45.8(rxjs@7.8.2)':
    dependencies:
      '@biglup/is-cid': 1.0.3
      '@cardano-ogmios/client': 6.9.0
      '@cardano-ogmios/schema': 6.9.0
      '@cardano-sdk/crypto': 0.2.3
      '@cardano-sdk/util': 0.16.0
      '@foxglove/crc': 0.0.3
      '@scure/base': 1.2.5
      fraction.js: 4.0.1
      ip-address: 9.0.5
      lodash: 4.17.21
      ts-custom-error: 3.3.1
      ts-log: 2.2.7
      web-encoding: 1.1.5
    optionalDependencies:
      rxjs: 7.8.2
    transitivePeerDependencies:
      - '@dcspark/cardano-multiplatform-lib-asmjs'
      - '@dcspark/cardano-multiplatform-lib-browser'
      - '@dcspark/cardano-multiplatform-lib-nodejs'
      - bufferutil
      - encoding
      - utf-8-validate

  '@cardano-sdk/crypto@0.1.32':
    dependencies:
      '@cardano-sdk/util': 0.15.7
      blake2b: 2.1.4
      i: 0.3.7
      libsodium-wrappers-sumo: 0.7.15
      lodash: 4.17.21
      npm: 9.9.4
      pbkdf2: 3.1.2
      ts-custom-error: 3.3.1
      ts-log: 2.2.7

  '@cardano-sdk/crypto@0.2.3':
    dependencies:
      '@cardano-sdk/util': 0.16.0
      blake2b: 2.1.4
      i: 0.3.7
      libsodium-wrappers-sumo: 0.7.15
      lodash: 4.17.21
      npm: 9.9.4
      pbkdf2: 3.1.2
      ts-custom-error: 3.3.1
      ts-log: 2.2.7

  '@cardano-sdk/dapp-connector@0.13.11(rxjs@7.8.2)':
    dependencies:
      '@cardano-sdk/core': 0.45.8(rxjs@7.8.2)
      '@cardano-sdk/crypto': 0.2.3
      '@cardano-sdk/util': 0.16.0
      ts-custom-error: 3.3.1
      ts-log: 2.2.7
      webextension-polyfill: 0.8.0
    transitivePeerDependencies:
      - '@dcspark/cardano-multiplatform-lib-asmjs'
      - '@dcspark/cardano-multiplatform-lib-browser'
      - '@dcspark/cardano-multiplatform-lib-nodejs'
      - bufferutil
      - encoding
      - rxjs
      - utf-8-validate

  '@cardano-sdk/input-selection@0.13.34(rxjs@7.8.2)':
    dependencies:
      '@cardano-sdk/core': 0.43.0(rxjs@7.8.2)
      '@cardano-sdk/key-management': 0.25.1
      '@cardano-sdk/util': 0.15.7
      bignumber.js: 9.3.0
      lodash: 4.17.21
      ts-custom-error: 3.3.1
    transitivePeerDependencies:
      - '@dcspark/cardano-multiplatform-lib-asmjs'
      - '@dcspark/cardano-multiplatform-lib-browser'
      - '@dcspark/cardano-multiplatform-lib-nodejs'
      - bufferutil
      - encoding
      - rxjs
      - utf-8-validate

  '@cardano-sdk/key-management@0.25.1':
    dependencies:
      '@cardano-sdk/core': 0.43.0(rxjs@7.8.2)
      '@cardano-sdk/crypto': 0.1.32
      '@cardano-sdk/dapp-connector': 0.13.11(rxjs@7.8.2)
      '@cardano-sdk/util': 0.15.7
      '@emurgo/cardano-message-signing-nodejs': 1.1.0
      bip39: 3.1.0
      chacha: 2.1.0
      get-random-values: 2.1.0
      lodash: 4.17.21
      pbkdf2: 3.1.2
      rxjs: 7.8.2
      ts-custom-error: 3.3.1
      ts-log: 2.2.7
    transitivePeerDependencies:
      - '@dcspark/cardano-multiplatform-lib-asmjs'
      - '@dcspark/cardano-multiplatform-lib-browser'
      - '@dcspark/cardano-multiplatform-lib-nodejs'
      - bufferutil
      - encoding
      - utf-8-validate

  '@cardano-sdk/util@0.15.7':
    dependencies:
      bech32: 2.0.0
      lodash: 4.17.21
      serialize-error: 8.1.0
      ts-custom-error: 3.3.1
      ts-log: 2.2.7
      type-fest: 2.19.0

  '@cardano-sdk/util@0.16.0':
    dependencies:
      bech32: 2.0.0
      lodash: 4.17.21
      serialize-error: 8.1.0
      ts-custom-error: 3.3.1
      ts-log: 2.2.7
      type-fest: 2.19.0

  '@cardanosolutions/json-bigint@1.0.1':
    dependencies:
      bignumber.js: 9.3.0

  '@chainsafe/is-ip@2.1.0': {}

  '@chainsafe/netmask@2.0.0':
    dependencies:
      '@chainsafe/is-ip': 2.1.0

  '@connectrpc/connect-node@1.4.0(@bufbuild/protobuf@1.10.1)(@connectrpc/connect@1.4.0(@bufbuild/protobuf@1.10.1))':
    dependencies:
      '@bufbuild/protobuf': 1.10.1
      '@connectrpc/connect': 1.4.0(@bufbuild/protobuf@1.10.1)
      undici: 5.29.0

  '@connectrpc/connect-web@1.4.0(@bufbuild/protobuf@1.10.1)(@connectrpc/connect@1.4.0(@bufbuild/protobuf@1.10.1))':
    dependencies:
      '@bufbuild/protobuf': 1.10.1
      '@connectrpc/connect': 1.4.0(@bufbuild/protobuf@1.10.1)

  '@connectrpc/connect@1.4.0(@bufbuild/protobuf@1.10.1)':
    dependencies:
      '@bufbuild/protobuf': 1.10.1

  '@emurgo/cardano-message-signing-nodejs@1.1.0': {}

  '@fastify/busboy@2.1.1': {}

  '@foxglove/crc@0.0.3': {}

  '@harmoniclabs/bigint-utils@1.0.0':
    dependencies:
      '@harmoniclabs/uint8array-utils': 1.0.4

  '@harmoniclabs/biguint@1.0.0': {}

  '@harmoniclabs/bitstream@1.0.0':
    dependencies:
      '@harmoniclabs/uint8array-utils': 1.0.4

  '@harmoniclabs/bytestring@1.0.0':
    dependencies:
      '@harmoniclabs/uint8array-utils': 1.0.4

  '@harmoniclabs/cbor@1.3.0':
    dependencies:
      '@harmoniclabs/bytestring': 1.0.0
      '@harmoniclabs/obj-utils': 1.0.0
      '@harmoniclabs/uint8array-utils': 1.0.4

  '@harmoniclabs/crypto@0.2.4':
    dependencies:
      '@harmoniclabs/bitstream': 1.0.0
      '@harmoniclabs/uint8array-utils': 1.0.4

  '@harmoniclabs/obj-utils@1.0.0': {}

  '@harmoniclabs/pair@1.0.0': {}

  '@harmoniclabs/plutus-data@1.2.4(@harmoniclabs/bytestring@1.0.0)(@harmoniclabs/cbor@1.3.0)':
    dependencies:
      '@harmoniclabs/biguint': 1.0.0
      '@harmoniclabs/bytestring': 1.0.0
      '@harmoniclabs/cbor': 1.3.0
      '@harmoniclabs/crypto': 0.2.4
      '@harmoniclabs/uint8array-utils': 1.0.4

  '@harmoniclabs/uint8array-utils@1.0.4': {}

  '@harmoniclabs/uplc@1.2.4(@harmoniclabs/bytestring@1.0.0)(@harmoniclabs/cbor@1.3.0)(@harmoniclabs/crypto@0.2.4)(@harmoniclabs/pair@1.0.0)(@harmoniclabs/plutus-data@1.2.4(@harmoniclabs/bytestring@1.0.0)(@harmoniclabs/cbor@1.3.0))':
    dependencies:
      '@harmoniclabs/bigint-utils': 1.0.0
      '@harmoniclabs/bitstream': 1.0.0
      '@harmoniclabs/bytestring': 1.0.0
      '@harmoniclabs/cbor': 1.3.0
      '@harmoniclabs/crypto': 0.2.4
      '@harmoniclabs/pair': 1.0.0
      '@harmoniclabs/plutus-data': 1.2.4(@harmoniclabs/bytestring@1.0.0)(@harmoniclabs/cbor@1.3.0)
      '@harmoniclabs/uint8array-utils': 1.0.4

  '@leichtgewicht/ip-codec@2.0.5': {}

  '@meshsdk/common@1.9.0-beta-40':
    dependencies:
      bech32: 2.0.0
      bip39: 3.1.0
      blake2b: 2.1.4
      blakejs: 1.2.1

  '@meshsdk/core-csl@1.9.0-beta-40':
    dependencies:
      '@meshsdk/common': 1.9.0-beta-40
      '@sidan-lab/whisky-js-browser': 1.0.4
      '@sidan-lab/whisky-js-nodejs': 1.0.4
      '@types/base32-encoding': 1.0.2
      base32-encoding: 1.0.0
      bech32: 2.0.0
      json-bigint: 1.0.0

  '@meshsdk/core-cst@1.9.0-beta-40(@harmoniclabs/bytestring@1.0.0)(@harmoniclabs/crypto@0.2.4)(rxjs@7.8.2)':
    dependencies:
      '@cardano-sdk/core': 0.45.8(rxjs@7.8.2)
      '@cardano-sdk/crypto': 0.2.3
      '@cardano-sdk/input-selection': 0.13.34(rxjs@7.8.2)
      '@cardano-sdk/util': 0.15.7
      '@harmoniclabs/cbor': 1.3.0
      '@harmoniclabs/pair': 1.0.0
      '@harmoniclabs/plutus-data': 1.2.4(@harmoniclabs/bytestring@1.0.0)(@harmoniclabs/cbor@1.3.0)
      '@harmoniclabs/uplc': 1.2.4(@harmoniclabs/bytestring@1.0.0)(@harmoniclabs/cbor@1.3.0)(@harmoniclabs/crypto@0.2.4)(@harmoniclabs/pair@1.0.0)(@harmoniclabs/plutus-data@1.2.4(@harmoniclabs/bytestring@1.0.0)(@harmoniclabs/cbor@1.3.0))
      '@meshsdk/common': 1.9.0-beta-40
      '@types/base32-encoding': 1.0.2
      base32-encoding: 1.0.0
      bech32: 2.0.0
      blakejs: 1.2.1
      bn.js: 5.2.2
    transitivePeerDependencies:
      - '@dcspark/cardano-multiplatform-lib-asmjs'
      - '@dcspark/cardano-multiplatform-lib-browser'
      - '@dcspark/cardano-multiplatform-lib-nodejs'
      - '@harmoniclabs/bytestring'
      - '@harmoniclabs/crypto'
      - bufferutil
      - encoding
      - rxjs
      - utf-8-validate

  '@multiformats/dns@1.0.6':
    dependencies:
      '@types/dns-packet': 5.6.5
      buffer: 6.0.3
      dns-packet: 5.6.1
      hashlru: 2.3.0
      p-queue: 8.1.0
      progress-events: 1.0.1
      uint8arrays: 5.1.0

  '@multiformats/mafmt@12.1.6':
    dependencies:
      '@multiformats/multiaddr': 12.4.0

  '@multiformats/multiaddr@12.4.0':
    dependencies:
      '@chainsafe/is-ip': 2.1.0
      '@chainsafe/netmask': 2.0.0
      '@multiformats/dns': 1.0.6
      multiformats: 13.3.2
      uint8-varint: 2.0.4
      uint8arrays: 5.1.0

  '@noble/hashes@1.8.0': {}

  '@scure/base@1.2.5': {}

  '@sidan-lab/whisky-js-browser@1.0.4': {}

  '@sidan-lab/whisky-js-nodejs@1.0.4': {}

  '@types/base32-encoding@1.0.2':
    dependencies:
      '@types/node': 22.15.12

  '@types/dns-packet@5.6.5':
    dependencies:
      '@types/node': 22.15.12

  '@types/json-bigint@1.0.4': {}

  '@types/node@22.15.12':
    dependencies:
      undici-types: 6.21.0

  '@utxorpc/sdk@0.6.7(@bufbuild/protobuf@1.10.1)':
    dependencies:
      '@connectrpc/connect': 1.4.0(@bufbuild/protobuf@1.10.1)
      '@connectrpc/connect-node': 1.4.0(@bufbuild/protobuf@1.10.1)(@connectrpc/connect@1.4.0(@bufbuild/protobuf@1.10.1))
      '@connectrpc/connect-web': 1.4.0(@bufbuild/protobuf@1.10.1)(@connectrpc/connect@1.4.0(@bufbuild/protobuf@1.10.1))
      '@utxorpc/spec': 0.16.0
      buffer: 6.0.3
    transitivePeerDependencies:
      - '@bufbuild/protobuf'

  '@utxorpc/spec@0.10.1':
    dependencies:
      '@bufbuild/protobuf': 1.10.1

  '@utxorpc/spec@0.16.0':
    dependencies:
      '@bufbuild/protobuf': 1.10.1

  '@zxing/text-encoding@0.9.0':
    optional: true

  available-typed-arrays@1.0.7:
    dependencies:
      possible-typed-array-names: 1.1.0

  b4a@1.6.7: {}

  base32-encoding@1.0.0: {}

  base64-js@1.5.1: {}

  bech32@2.0.0: {}

  bignumber.js@9.3.0: {}

  bindings@1.5.0:
    dependencies:
      file-uri-to-path: 1.0.0
    optional: true

  bip39@3.1.0:
    dependencies:
      '@noble/hashes': 1.8.0

  blake2b-wasm@2.4.0:
    dependencies:
      b4a: 1.6.7
      nanoassert: 2.0.0

  blake2b@2.1.4:
    dependencies:
      blake2b-wasm: 2.4.0
      nanoassert: 2.0.0

  blakejs@1.2.1: {}

  bn.js@5.2.2: {}

  buffer@6.0.3:
    dependencies:
      base64-js: 1.5.1
      ieee754: 1.2.1

  call-bind-apply-helpers@1.0.2:
    dependencies:
      es-errors: 1.3.0
      function-bind: 1.1.2

  call-bind@1.0.8:
    dependencies:
      call-bind-apply-helpers: 1.0.2
      es-define-property: 1.0.1
      get-intrinsic: 1.3.0
      set-function-length: 1.2.2

  call-bound@1.0.4:
    dependencies:
      call-bind-apply-helpers: 1.0.2
      get-intrinsic: 1.3.0

  chacha-native@2.0.3:
    dependencies:
      bindings: 1.5.0
      inherits: 2.0.4
      nan: 2.22.2
    optional: true

  chacha@2.1.0:
    dependencies:
      inherits: 2.0.4
      readable-stream: 1.1.14
    optionalDependencies:
      chacha-native: 2.0.3

  cipher-base@1.0.6:
    dependencies:
      inherits: 2.0.4
      safe-buffer: 5.2.1

  core-util-is@1.0.3: {}

  create-hash@1.2.0:
    dependencies:
      cipher-base: 1.0.6
      inherits: 2.0.4
      md5.js: 1.3.5
      ripemd160: 2.0.2
      sha.js: 2.4.11

  create-hmac@1.1.7:
    dependencies:
      cipher-base: 1.0.6
      create-hash: 1.2.0
      inherits: 2.0.4
      ripemd160: 2.0.2
      safe-buffer: 5.2.1
      sha.js: 2.4.11

  cross-fetch@3.2.0:
    dependencies:
      node-fetch: 2.7.0
    transitivePeerDependencies:
      - encoding

  define-data-property@1.1.4:
    dependencies:
      es-define-property: 1.0.1
      es-errors: 1.3.0
      gopd: 1.2.0

  dns-packet@5.6.1:
    dependencies:
      '@leichtgewicht/ip-codec': 2.0.5

  dom-walk@0.1.2: {}

  dunder-proto@1.0.1:
    dependencies:
      call-bind-apply-helpers: 1.0.2
      es-errors: 1.3.0
      gopd: 1.2.0

  es-define-property@1.0.1: {}

  es-errors@1.3.0: {}

  es-object-atoms@1.1.1:
    dependencies:
      es-errors: 1.3.0

  eventemitter3@5.0.1: {}

  fastq@1.19.1:
    dependencies:
      reusify: 1.1.0

  file-uri-to-path@1.0.0:
    optional: true

  for-each@0.3.5:
    dependencies:
      is-callable: 1.2.7

  fraction.js@4.0.1: {}

  function-bind@1.1.2: {}

  get-intrinsic@1.3.0:
    dependencies:
      call-bind-apply-helpers: 1.0.2
      es-define-property: 1.0.1
      es-errors: 1.3.0
      es-object-atoms: 1.1.1
      function-bind: 1.1.2
      get-proto: 1.0.1
      gopd: 1.2.0
      has-symbols: 1.1.0
      hasown: 2.0.2
      math-intrinsics: 1.1.0

  get-proto@1.0.1:
    dependencies:
      dunder-proto: 1.0.1
      es-object-atoms: 1.1.1

  get-random-values@2.1.0:
    dependencies:
      global: 4.4.0

  global@4.4.0:
    dependencies:
      min-document: 2.19.0
      process: 0.11.10

  gopd@1.2.0: {}

  has-property-descriptors@1.0.2:
    dependencies:
      es-define-property: 1.0.1

  has-symbols@1.1.0: {}

  has-tostringtag@1.0.2:
    dependencies:
      has-symbols: 1.1.0

  hash-base@3.1.0:
    dependencies:
      inherits: 2.0.4
      readable-stream: 3.6.2
      safe-buffer: 5.2.1

  hashlru@2.3.0: {}

  hasown@2.0.2:
    dependencies:
      function-bind: 1.1.2

  i@0.3.7: {}

  ieee754@1.2.1: {}

  inherits@2.0.4: {}

  ip-address@9.0.5:
    dependencies:
      jsbn: 1.1.0
      sprintf-js: 1.1.3

  is-arguments@1.2.0:
    dependencies:
      call-bound: 1.0.4
      has-tostringtag: 1.0.2

  is-callable@1.2.7: {}

  is-generator-function@1.1.0:
    dependencies:
      call-bound: 1.0.4
      get-proto: 1.0.1
      has-tostringtag: 1.0.2
      safe-regex-test: 1.1.0

  is-regex@1.2.1:
    dependencies:
      call-bound: 1.0.4
      gopd: 1.2.0
      has-tostringtag: 1.0.2
      hasown: 2.0.2

  is-typed-array@1.1.15:
    dependencies:
      which-typed-array: 1.1.19

  isarray@0.0.1: {}

  iso-url@1.2.1: {}

  isomorphic-ws@4.0.1(ws@7.5.10):
    dependencies:
      ws: 7.5.10

  jsbn@1.1.0: {}

  json-bigint@1.0.0:
    dependencies:
      bignumber.js: 9.3.0

  libsodium-sumo@0.7.15: {}

  libsodium-wrappers-sumo@0.7.15:
    dependencies:
      libsodium-sumo: 0.7.15

  lodash@4.17.21: {}

  math-intrinsics@1.1.0: {}

  md5.js@1.3.5:
    dependencies:
      hash-base: 3.1.0
      inherits: 2.0.4
      safe-buffer: 5.2.1

  min-document@2.19.0:
    dependencies:
      dom-walk: 0.1.2

  multiformats@13.3.2: {}

  nan@2.22.2:
    optional: true

  nanoassert@2.0.0: {}

  nanoid@3.3.11: {}

  node-fetch@2.7.0:
    dependencies:
      whatwg-url: 5.0.0

  npm@9.9.4: {}

  p-queue@8.1.0:
    dependencies:
      eventemitter3: 5.0.1
      p-timeout: 6.1.4

  p-timeout@6.1.4: {}

  pbkdf2@3.1.2:
    dependencies:
      create-hash: 1.2.0
      create-hmac: 1.1.7
      ripemd160: 2.0.2
      safe-buffer: 5.2.1
      sha.js: 2.4.11

  possible-typed-array-names@1.1.0: {}

  process@0.11.10: {}

  progress-events@1.0.1: {}

  readable-stream@1.1.14:
    dependencies:
      core-util-is: 1.0.3
      inherits: 2.0.4
      isarray: 0.0.1
      string_decoder: 0.10.31

  readable-stream@3.6.2:
    dependencies:
      inherits: 2.0.4
      string_decoder: 1.3.0
      util-deprecate: 1.0.2

  reusify@1.1.0: {}

  ripemd160@2.0.2:
    dependencies:
      hash-base: 3.1.0
      inherits: 2.0.4

  rxjs@7.8.2:
    dependencies:
      tslib: 2.8.1

  safe-buffer@5.2.1: {}

  safe-regex-test@1.1.0:
    dependencies:
      call-bound: 1.0.4
      es-errors: 1.3.0
      is-regex: 1.2.1

  serialize-error@8.1.0:
    dependencies:
      type-fest: 0.20.2

  set-function-length@1.2.2:
    dependencies:
      define-data-property: 1.1.4
      es-errors: 1.3.0
      function-bind: 1.1.2
      get-intrinsic: 1.3.0
      gopd: 1.2.0
      has-property-descriptors: 1.0.2

  sha.js@2.4.11:
    dependencies:
      inherits: 2.0.4
      safe-buffer: 5.2.1

  sprintf-js@1.1.3: {}

  string_decoder@0.10.31: {}

  string_decoder@1.3.0:
    dependencies:
      safe-buffer: 5.2.1

  tr46@0.0.3: {}

  ts-custom-error@3.3.1: {}

  ts-log@2.2.7: {}

  tslib@2.8.1: {}

  type-fest@0.20.2: {}

  type-fest@2.19.0: {}

  typescript@5.8.3: {}

  uint8-varint@2.0.4:
    dependencies:
      uint8arraylist: 2.4.8
      uint8arrays: 5.1.0

  uint8arraylist@2.4.8:
    dependencies:
      uint8arrays: 5.1.0

  uint8arrays@5.1.0:
    dependencies:
      multiformats: 13.3.2

  undici-types@6.21.0: {}

  undici@5.29.0:
    dependencies:
      '@fastify/busboy': 2.1.1

  util-deprecate@1.0.2: {}

  util@0.12.5:
    dependencies:
      inherits: 2.0.4
      is-arguments: 1.2.0
      is-generator-function: 1.1.0
      is-typed-array: 1.1.15
      which-typed-array: 1.1.19

  web-encoding@1.1.5:
    dependencies:
      util: 0.12.5
    optionalDependencies:
      '@zxing/text-encoding': 0.9.0

  webextension-polyfill@0.8.0: {}

  webidl-conversions@3.0.1: {}

  whatwg-url@5.0.0:
    dependencies:
      tr46: 0.0.3
      webidl-conversions: 3.0.1

  which-typed-array@1.1.19:
    dependencies:
      available-typed-arrays: 1.0.7
      call-bind: 1.0.8
      call-bound: 1.0.4
      for-each: 0.3.5
      get-proto: 1.0.1
      gopd: 1.2.0
      has-tostringtag: 1.0.2

  ws@7.5.10: {}
